
Microsoft Visual Studio Solution File, Format Version 12.00
# Visual Studio 15
VisualStudioVersion = 15.0.28307.572
MinimumVisualStudioVersion = 10.0.40219.1
Project("{FAE04EC0-301F-11D3-BF4B-00C04F79EFBC}") = "WelcomeToAustin", "WelcomeToAustin\WelcomeToAustin.csproj", "{FF5B634C-2732-43BE-A354-011BA8D392B8}"
EndProject
Global
	GlobalSection(SolutionConfigurationPlatforms) = preSolution
		Debug|Any CPU = Debug|Any CPU
		Release|Any CPU = Release|Any CPU
	EndGlobalSection
	GlobalSection(ProjectConfigurationPlatforms) = postSolution
		{FF5B634C-2732-43BE-A354-011BA8D392B8}.Debug|Any CPU.ActiveCfg = Debug|Any CPU
		{FF5B634C-2732-43BE-A354-011BA8D392B8}.Debug|Any CPU.Build.0 = Debug|Any CPU
		{FF5B634C-2732-43BE-A354-011BA8D392B8}.Release|Any CPU.ActiveCfg = Release|Any CPU
		{FF5B634C-2732-43BE-A354-011BA8D392B8}.Release|Any CPU.Build.0 = Release|Any CPU
	EndGlobalSection
	GlobalSection(SolutionProperties) = preSolution
		HideSolutionNode = FALSE
	EndGlobalSection
	GlobalSection(ExtensibilityGlobals) = postSolution
		SolutionGuid = {C64A87DB-5A5E-4EE3-B3BD-AA09C64DCA52}
	EndGlobalSection
EndGlobal
